
Microsoft Visual Studio Solution File, Format Version 12.00
Project("{FAE04EC0-301F-11D3-BF4B-00C04F79EFBC}") = "Octo.Web", "Octo.Web\Octo.Web.csproj", "{57DE386E-9C96-45C0-83CF-9928C4509C32}"
EndProject
Project("{FAE04EC0-301F-11D3-BF4B-00C04F79EFBC}") = "Octo.Infrastructure", "Octo.Infrastructure\Octo.Infrastructure.csproj", "{9D0BC37B-8AE0-41A6-9794-0979D1504923}"
EndProject
Global
	GlobalSection(SolutionConfigurationPlatforms) = preSolution
		Debug|Any CPU = Debug|Any CPU
		Release|Any CPU = Release|Any CPU
	EndGlobalSection
	GlobalSection(ProjectConfigurationPlatforms) = postSolution
		{57DE386E-9C96-45C0-83CF-9928C4509C32}.Debug|Any CPU.ActiveCfg = Debug|Any CPU
		{57DE386E-9C96-45C0-83CF-9928C4509C32}.Debug|Any CPU.Build.0 = Debug|Any CPU
		{57DE386E-9C96-45C0-83CF-9928C4509C32}.Release|Any CPU.ActiveCfg = Release|Any CPU
		{57DE386E-9C96-45C0-83CF-9928C4509C32}.Release|Any CPU.Build.0 = Release|Any CPU
		{9D0BC37B-8AE0-41A6-9794-0979D1504923}.Debug|Any CPU.ActiveCfg = Debug|Any CPU
		{9D0BC37B-8AE0-41A6-9794-0979D1504923}.Debug|Any CPU.Build.0 = Debug|Any CPU
		{9D0BC37B-8AE0-41A6-9794-0979D1504923}.Release|Any CPU.ActiveCfg = Release|Any CPU
		{9D0BC37B-8AE0-41A6-9794-0979D1504923}.Release|Any CPU.Build.0 = Release|Any CPU
	EndGlobalSection
EndGlobal
